# This file was autogenerated by Stack.
# You should not edit this file by hand.
# For more information, please see the documentation at:
#   https://docs.haskellstack.org/en/stable/lock_files

packages:
- completed:
    hackage: directory-1.3.5.0@sha256:a7d0f5e79a6bb31a75dfceb9656d2de119de9f91076ec18ad30e4496d0385cfa,2782
    pantry-tree:
      size: 3365
      sha256: 13abe2f1a1f82059563af1ee076f23a6067d402f61834c738bb38eb606b847e8
  original:
    hackage: directory-1.3.5.0
- completed:
    hackage: doctest-parallel-0.2.2@sha256:4c5787c681211dc21d3b9cecc009422f724295584700c661b5ac33b29dc031ba,5803
    pantry-tree:
      size: 7976
      sha256: 26d5feee20fe09059678ca3916a151a79098283e25ac6635a93ab19075ca5984
  original:
    hackage: doctest-parallel-0.2.2
- completed:
    hackage: template-haskell-2.16.0.0@sha256:71d8c2e92b712695cb4fd0be9cd1a41b05c25315e9748cfef1132bf4d02b6556,1917
    pantry-tree:
      size: 850
      sha256: 77c73ebdcd718abd1a5f0a165e7a9ddf7c461693be479405edb43af535cc42d7
  original:
    hackage: template-haskell-2.16.0.0
- completed:
    hackage: time-1.9.2@sha256:874e07fb970531b9dcd814f74e00f253ce2f22ccd8272a6c4c137ee9040237fb,5679
    pantry-tree:
      size: 6558
      sha256: ae5693aa6175d76bb4ded5a957da79bb3f582310607c254f4b359569216b998b
  original:
    hackage: time-1.9.2
- completed:
    hackage: time-compat-1.9.4@sha256:c2e513bfbd1b475a8710b688a316002e3feaa9e78983aeb46f0462aff3c4e925,4932
    pantry-tree:
      size: 4112
      sha256: 23a1082c96f909e56d0eee4538f7fbc9a5b3b3ffb2cc8155522bd50099015a1e
  original:
    hackage: time-compat-1.9.4
- completed:
    hackage: tz-0.1.3.4@sha256:bd311e202b8bdd15bcd6a4ca182e69794949d3b3b9f4aa835e9ccff011284979,5086
    pantry-tree:
      size: 1179
      sha256: f6b8517eaaf3588afd1b3025fe6874a1ffff611001a803a26094c9cb40bc33f6
  original:
    hackage: tz-0.1.3.4
- completed:
    hackage: tzdata-0.1.20190911.0@sha256:0b0b3e96a40ebee242d8d16972e166b7e2a171a6790cf79d9276e9619054cc7f,2783
    pantry-tree:
      size: 40186
      sha256: 5f1893b70ff57cdf74622a71bf6ae3137bd48578e11923c4dbe83955ede40caa
  original:
    hackage: tzdata-0.1.20190911.0
- completed:
    hackage: unix-2.7.2.2@sha256:15f5365c5995634e45de1772b9504761504a310184e676bc2ef60a14536dbef9,3496
    pantry-tree:
      size: 3536
      sha256: 36434ced74d679622d61b69e8d92e1bd632d9ef3e284c63094653b2e473b0553
  original:
    hackage: unix-2.7.2.2
- completed:
    hackage: Cabal-3.6.3.0@sha256:ff97c442b0c679c1c9876acd15f73ac4f602b973c45bde42b43ec28265ee48f4,12459
    pantry-tree:
      size: 19757
      sha256: b250a53bdb56844f047a2927833bb565b936a289abfa85dfc2a63148d776368a
  original:
    hackage: Cabal-3.6.3.0
- completed:
    hackage: process-1.6.14.0@sha256:b6ad76fd3f4bf133cdc2dc9176e23447f2a0a8e9316047d53154cd11f871446d,2845
    pantry-tree:
      size: 1544
      sha256: 72300155a8fd5a91f6b25dfebb77db05aa27a0b866dbfb2d7098c5e4580ca105
  original:
    hackage: process-1.6.14.0
snapshots:
- completed:
    size: 590100
    url: https://raw.githubusercontent.com/commercialhaskell/stackage-snapshots/master/lts/18/28.yaml
    sha256: 428ec8d5ce932190d3cbe266b9eb3c175cd81e984babf876b64019e2cbe4ea68
  original: lts-18.28
